# This file is automatically @generated by Cargo.
# It is not intended for manual editing.
version = 4

[[package]]
name = "libc"
version = "0.2.175"
source = "registry+https://github.com/rust-lang/crates.io-index"
checksum = "6a82ae493e598baaea5209805c49bbf2ea7de956d50d7da0da1164f9c6d28543"

[[package]]
name = "mame"
version = "0.1.5"
source = "registry+https://github.com/rust-lang/crates.io-index"
checksum = "dccae4bbdd79bd736e5526f10280be3be1da34e61176579a40d05653a9ab1a84"
dependencies = [
 "nojson",
 "tuinix",
 "unicode-width",
]

[[package]]
name = "mamegrep"
version = "0.3.0"
dependencies = [
 "mame",
 "noargs",
 "nojson",
 "orfail",
 "tuinix",
]

[[package]]
name = "noargs"
version = "0.4.1"
source = "registry+https://github.com/rust-lang/crates.io-index"
checksum = "fe77e710319d3ff009f93efc433d879e80e6336f5b87ace6d6db7ca5951085c3"

[[package]]
name = "nojson"
version = "0.3.5"
source = "registry+https://github.com/rust-lang/crates.io-index"
checksum = "a847c0a03d7915f0e8c1e4ecf3ab97f8523fd703eadb79582bfb464bb224bab2"

[[package]]
name = "orfail"
version = "1.1.0"
source = "registry+https://github.com/rust-lang/crates.io-index"
checksum = "aba2212a0fddd290c8209fb9b0393382435ede29c24a71f245d7fa92f0f3442e"

[[package]]
name = "tuinix"
version = "0.3.2"
source = "registry+https://github.com/rust-lang/crates.io-index"
checksum = "67068facab6ee2aff2c66c3249d064c996435cf8f1a8e61db8675571ca4c01ff"
dependencies = [
 "libc",
]

[[package]]
name = "unicode-width"
version = "0.2.1"
source = "registry+https://github.com/rust-lang/crates.io-index"
checksum = "4a1a07cc7db3810833284e8d372ccdc6da29741639ecc70c9ec107df0fa6154c"
