# This file is automatically @generated by Cargo.
# It is not intended for manual editing.
version = 4

[[package]]
name = "libc"
version = "0.2.174"
source = "registry+https://github.com/rust-lang/crates.io-index"
checksum = "1171693293099992e19cddea4e8b849964e9846f4acee11b3948bcc337be8776"

[[package]]
name = "mamegrep"
version = "0.3.0"
dependencies = [
 "noargs",
 "orfail",
 "tuinix",
 "unicode-width",
]

[[package]]
name = "noargs"
version = "0.3.2"
source = "registry+https://github.com/rust-lang/crates.io-index"
checksum = "9a0c67c67bde59ae289ec6d68089f3e399b9cb7a2941875d1e94a1123c401308"

[[package]]
name = "orfail"
version = "1.1.0"
source = "registry+https://github.com/rust-lang/crates.io-index"
checksum = "aba2212a0fddd290c8209fb9b0393382435ede29c24a71f245d7fa92f0f3442e"

[[package]]
name = "tuinix"
version = "0.1.5"
source = "registry+https://github.com/rust-lang/crates.io-index"
checksum = "5622f8e2e397f0eeddee17e0443f2355a5858f2e8faa86a0d915a0b4a1960dc7"
dependencies = [
 "libc",
]

[[package]]
name = "unicode-width"
version = "0.2.1"
source = "registry+https://github.com/rust-lang/crates.io-index"
checksum = "4a1a07cc7db3810833284e8d372ccdc6da29741639ecc70c9ec107df0fa6154c"
